github.com/4s3ti/hugo-theme-hello-4s3ti v2.2.1+incompatible h1:dialthXeAwmbGQWyLxpYJgFskpQF2SKuHvUUxDB6AOA=
github.com/4s3ti/hugo-theme-hello-4s3ti v2.2.1+incompatible/go.mod h1:zTLdJeXJ/J3G+iLb37/FcnjbnJYILARxJYm424P/AhI=
github.com/4s3ti/hugo-theme-hello-4s3ti v2.4.0+incompatible h1:zt9N+bJ+2up4ksNxwsyF3/nMR/+HmzPhfIU5dVVY6Ng=
github.com/4s3ti/hugo-theme-hello-4s3ti v2.4.0+incompatible/go.mod h1:zTLdJeXJ/J3G+iLb37/FcnjbnJYILARxJYm424P/AhI=
github.com/guangmean/Niello v3.3.0+incompatible h1:x7CXfIEKh7hiY3ifYbuVstmk+rFBYUN+9tk2kw72FVc=
github.com/guangmean/Niello v3.3.0+incompatible/go.mod h1:tWL/X0kRXdp678SELP/Xok8SwM8W6arlXTlfFfMVdqs=
github.com/manid2/hugo-xterm v1.7.4 h1:6+Fwuu15JmUdZSV2DqMDpChcrKdbf9hXqnosvY7/vfc=
github.com/manid2/hugo-xterm v1.7.4/go.mod h1:GfVYdHvhSC/U07C3fOHLl/k2hzc+uQh0oRuy4q7Or3A=
